
Microsoft Visual Studio Solution File, Format Version 12.00
# Visual Studio Version 16
VisualStudioVersion = 16.0.29613.14
MinimumVisualStudioVersion = 10.0.40219.1
Project("{9A19103F-16F7-4668-BE54-9A1E7A4F7556}") = "ReadingBusesAPI", "ReadingBusesAPI\ReadingBusesAPI.csproj", "{07FE7193-78B2-43D4-833D-06B93CE02652}"
EndProject
Project("{9A19103F-16F7-4668-BE54-9A1E7A4F7556}") = "ReadingBuses API Tests", "ReadingBuses API Tests\ReadingBuses API Tests.csproj", "{B8C1F0E9-D5A6-4F6A-9A26-E89D7AEA30D1}"
EndProject
Project("{FAE04EC0-301F-11D3-BF4B-00C04F79EFBC}") = "Demo", "Demo\Demo.csproj", "{5200DB54-3453-4EEC-8E27-777917CE9ABE}"
	ProjectSection(ProjectDependencies) = postProject
		{07FE7193-78B2-43D4-833D-06B93CE02652} = {07FE7193-78B2-43D4-833D-06B93CE02652}
	EndProjectSection
EndProject
Global
	GlobalSection(SolutionConfigurationPlatforms) = preSolution
		Debug|Any CPU = Debug|Any CPU
		Release|Any CPU = Release|Any CPU
	EndGlobalSection
	GlobalSection(ProjectConfigurationPlatforms) = postSolution
		{07FE7193-78B2-43D4-833D-06B93CE02652}.Debug|Any CPU.ActiveCfg = Debug|Any CPU
		{07FE7193-78B2-43D4-833D-06B93CE02652}.Debug|Any CPU.Build.0 = Debug|Any CPU
		{07FE7193-78B2-43D4-833D-06B93CE02652}.Release|Any CPU.ActiveCfg = Release|Any CPU
		{07FE7193-78B2-43D4-833D-06B93CE02652}.Release|Any CPU.Build.0 = Release|Any CPU
		{B8C1F0E9-D5A6-4F6A-9A26-E89D7AEA30D1}.Debug|Any CPU.ActiveCfg = Debug|Any CPU
		{B8C1F0E9-D5A6-4F6A-9A26-E89D7AEA30D1}.Debug|Any CPU.Build.0 = Debug|Any CPU
		{B8C1F0E9-D5A6-4F6A-9A26-E89D7AEA30D1}.Release|Any CPU.ActiveCfg = Release|Any CPU
		{B8C1F0E9-D5A6-4F6A-9A26-E89D7AEA30D1}.Release|Any CPU.Build.0 = Release|Any CPU
		{5200DB54-3453-4EEC-8E27-777917CE9ABE}.Debug|Any CPU.ActiveCfg = Debug|Any CPU
		{5200DB54-3453-4EEC-8E27-777917CE9ABE}.Debug|Any CPU.Build.0 = Debug|Any CPU
		{5200DB54-3453-4EEC-8E27-777917CE9ABE}.Release|Any CPU.ActiveCfg = Release|Any CPU
		{5200DB54-3453-4EEC-8E27-777917CE9ABE}.Release|Any CPU.Build.0 = Release|Any CPU
	EndGlobalSection
	GlobalSection(SolutionProperties) = preSolution
		HideSolutionNode = FALSE
	EndGlobalSection
	GlobalSection(ExtensibilityGlobals) = postSolution
		SolutionGuid = {E01C91C7-E8E0-4E04-8C0D-CC7EC8D680D8}
	EndGlobalSection
EndGlobal
